// !$*UTF8*$!
{
	archiveVersion = 1;
	classes = {
	};
	objectVersion = 46;
	objects = {

/* Begin PBXBuildFile section */
		4D0C7EF41F6724E6003C861C /* Laser.swift in Sources */ = {isa = PBXBuildFile; fileRef = 4D0C7EF31F6724E6003C861C /* Laser.swift */; };
		4D0C7EF81F672AE4003C861C /* CategoryEnum.swift in Sources */ = {isa = PBXBuildFile; fileRef = 4D0C7EF71F672AE4003C861C /* CategoryEnum.swift */; };
		4D0C7EFA1F672C8E003C861C /* Hero.swift in Sources */ = {isa = PBXBuildFile; fileRef = 4D0C7EF91F672C8E003C861C /* Hero.swift */; };
		4D0C7EFE1F688D7E003C861C /* Projectile.swift in Sources */ = {isa = PBXBuildFile; fileRef = 4D0C7EFD1F688D7E003C861C /* Projectile.swift */; };
		4D71D9551F73BC3B00E1CB4A /* theBoldFont.ttf in Resources */ = {isa = PBXBuildFile; fileRef = 4D71D9541F73BBBC00E1CB4A /* theBoldFont.ttf */; };
		4D791CEA1F61505F00656D7B /* Elektronomia - Sky High.mp3 in Resources */ = {isa = PBXBuildFile; fileRef = 4D791CE91F61505F00656D7B /* Elektronomia - Sky High.mp3 */; };
		4DBDB5CE1F5F676E007014D8 /* AppDelegate.swift in Sources */ = {isa = PBXBuildFile; fileRef = 4DBDB5CD1F5F676E007014D8 /* AppDelegate.swift */; };
		4DBDB5D01F5F676E007014D8 /* GameScene.sks in Resources */ = {isa = PBXBuildFile; fileRef = 4DBDB5CF1F5F676E007014D8 /* GameScene.sks */; };
		4DBDB5D41F5F676E007014D8 /* GameScene.swift in Sources */ = {isa = PBXBuildFile; fileRef = 4DBDB5D31F5F676E007014D8 /* GameScene.swift */; };
		4DBDB5D61F5F676E007014D8 /* GameViewController.swift in Sources */ = {isa = PBXBuildFile; fileRef = 4DBDB5D51F5F676E007014D8 /* GameViewController.swift */; };
		4DBDB5D91F5F676E007014D8 /* Main.storyboard in Resources */ = {isa = PBXBuildFile; fileRef = 4DBDB5D71F5F676E007014D8 /* Main.storyboard */; };
		4DBDB5DB1F5F676E007014D8 /* Assets.xcassets in Resources */ = {isa = PBXBuildFile; fileRef = 4DBDB5DA1F5F676E007014D8 /* Assets.xcassets */; };
		4DBDB5DE1F5F676E007014D8 /* LaunchScreen.storyboard in Resources */ = {isa = PBXBuildFile; fileRef = 4DBDB5DC1F5F676E007014D8 /* LaunchScreen.storyboard */; };
		4DDF1EE61F6B31BE00B84C62 /* ProjectileSpark.sks in Resources */ = {isa = PBXBuildFile; fileRef = 4DDF1EE41F6B31BE00B84C62 /* ProjectileSpark.sks */; };
		4DDF1EEB1F6B555300B84C62 /* ProjectileFire.sks in Resources */ = {isa = PBXBuildFile; fileRef = 4DDF1EEA1F6B555300B84C62 /* ProjectileFire.sks */; };
		4DDF1EEF1F6B58A600B84C62 /* LaserBeamFX.sks in Resources */ = {isa = PBXBuildFile; fileRef = 4DDF1EEE1F6B58A600B84C62 /* LaserBeamFX.sks */; };
		4DDF1EF11F6B645500B84C62 /* LaserBeamSmoke.sks in Resources */ = {isa = PBXBuildFile; fileRef = 4DDF1EF01F6B645500B84C62 /* LaserBeamSmoke.sks */; };
		4DDF1EF51F6C4FD500B84C62 /* HeroShootingFire.sks in Resources */ = {isa = PBXBuildFile; fileRef = 4DDF1EF41F6C4FD500B84C62 /* HeroShootingFire.sks */; };
		595D7D891F7206FB001645E8 /* GameOverViewController.swift in Sources */ = {isa = PBXBuildFile; fileRef = 595D7D881F7206FB001645E8 /* GameOverViewController.swift */; };
		595D7D8D1F720A78001645E8 /* LeaderBoardTableViewCell.swift in Sources */ = {isa = PBXBuildFile; fileRef = 595D7D8C1F720A78001645E8 /* LeaderBoardTableViewCell.swift */; };
		684C910D1F71C03B00F3A111 /* MainMenu.sks in Resources */ = {isa = PBXBuildFile; fileRef = 684C910C1F71C03B00F3A111 /* MainMenu.sks */; };
		684C91111F71C12600F3A111 /* MainMenu.swift in Sources */ = {isa = PBXBuildFile; fileRef = 684C91101F71C12600F3A111 /* MainMenu.swift */; };
		684C91141F71E72200F3A111 /* HeroSmoke.sks in Resources */ = {isa = PBXBuildFile; fileRef = 684C91131F71E72200F3A111 /* HeroSmoke.sks */; };
		684C91161F71E9DA00F3A111 /* HeroFire.sks in Resources */ = {isa = PBXBuildFile; fileRef = 684C91151F71E9DA00F3A111 /* HeroFire.sks */; };
		68775FC81F6A150A00102197 /* LeftLaserSpark.sks in Resources */ = {isa = PBXBuildFile; fileRef = 68775FC71F6A150A00102197 /* LeftLaserSpark.sks */; };
		68775FCA1F6A19C100102197 /* RightLaserSpark.sks in Resources */ = {isa = PBXBuildFile; fileRef = 68775FC91F6A19C100102197 /* RightLaserSpark.sks */; };
		68775FD21F6CA03000102197 /* 37155__volivieri__soccer-ball-hit-ground-02.wav in Resources */ = {isa = PBXBuildFile; fileRef = 68775FD11F6CA03000102197 /* 37155__volivieri__soccer-ball-hit-ground-02.wav */; };
		68775FD41F6CA11A00102197 /* ButtonPress.mp3 in Resources */ = {isa = PBXBuildFile; fileRef = 68775FD31F6CA11A00102197 /* ButtonPress.mp3 */; };
		68775FD71F6CAA7500102197 /* laserPowerDown.wav in Resources */ = {isa = PBXBuildFile; fileRef = 68775FD61F6CAA7500102197 /* laserPowerDown.wav */; };
		688566C71F67493E009FB097 /* Background.swift in Sources */ = {isa = PBXBuildFile; fileRef = 688566C61F67493E009FB097 /* Background.swift */; };
		688566C91F677405009FB097 /* LaserHub.swift in Sources */ = {isa = PBXBuildFile; fileRef = 688566C81F677405009FB097 /* LaserHub.swift */; };
		688566CB1F677415009FB097 /* LaserBeam.swift in Sources */ = {isa = PBXBuildFile; fileRef = 688566CA1F677415009FB097 /* LaserBeam.swift */; };
		688566CD1F688AF0009FB097 /* LaserHubRight.swift in Sources */ = {isa = PBXBuildFile; fileRef = 688566CC1F688AF0009FB097 /* LaserHubRight.swift */; };
		688566CF1F688B09009FB097 /* LaserBeamRight.swift in Sources */ = {isa = PBXBuildFile; fileRef = 688566CE1F688B09009FB097 /* LaserBeamRight.swift */; };
		688566D11F688D6C009FB097 /* LaserRight.swift in Sources */ = {isa = PBXBuildFile; fileRef = 688566D01F688D6C009FB097 /* LaserRight.swift */; };
		CC39A5B15E702468B588B19C /* Pods_FinalProjectLaser.framework in Frameworks */ = {isa = PBXBuildFile; fileRef = A1AA67E20E17D771208D73E3 /* Pods_FinalProjectLaser.framework */; };
/* End PBXBuildFile section */

/* Begin PBXFileReference section */
		4D0C7EF31F6724E6003C861C /* Laser.swift */ = {isa = PBXFileReference; fileEncoding = 4; lastKnownFileType = sourcecode.swift; path = Laser.swift; sourceTree = "<group>"; };
		4D0C7EF71F672AE4003C861C /* CategoryEnum.swift */ = {isa = PBXFileReference; fileEncoding = 4; lastKnownFileType = sourcecode.swift; path = CategoryEnum.swift; sourceTree = "<group>"; };
		4D0C7EF91F672C8E003C861C /* Hero.swift */ = {isa = PBXFileReference; fileEncoding = 4; lastKnownFileType = sourcecode.swift; path = Hero.swift; sourceTree = "<group>"; };
		4D0C7EFD1F688D7E003C861C /* Projectile.swift */ = {isa = PBXFileReference; fileEncoding = 4; lastKnownFileType = sourcecode.swift; path = Projectile.swift; sourceTree = "<group>"; };
		4D71D9541F73BBBC00E1CB4A /* theBoldFont.ttf */ = {isa = PBXFileReference; lastKnownFileType = file; path = theBoldFont.ttf; sourceTree = "<group>"; };
		4D791CE91F61505F00656D7B /* Elektronomia - Sky High.mp3 */ = {isa = PBXFileReference; lastKnownFileType = audio.mp3; path = "Elektronomia - Sky High.mp3"; sourceTree = "<group>"; };
		4DBDB5CA1F5F676E007014D8 /* FinalProjectLaser.app */ = {isa = PBXFileReference; explicitFileType = wrapper.application; includeInIndex = 0; path = FinalProjectLaser.app; sourceTree = BUILT_PRODUCTS_DIR; };
		4DBDB5CD1F5F676E007014D8 /* AppDelegate.swift */ = {isa = PBXFileReference; lastKnownFileType = sourcecode.swift; path = AppDelegate.swift; sourceTree = "<group>"; };
		4DBDB5CF1F5F676E007014D8 /* GameScene.sks */ = {isa = PBXFileReference; lastKnownFileType = file.sks; path = GameScene.sks; sourceTree = "<group>"; };
		4DBDB5D11F5F676E007014D8 /* Actions.sks */ = {isa = PBXFileReference; lastKnownFileType = file.sks; path = Actions.sks; sourceTree = "<group>"; };
		4DBDB5D31F5F676E007014D8 /* GameScene.swift */ = {isa = PBXFileReference; lastKnownFileType = sourcecode.swift; path = GameScene.swift; sourceTree = "<group>"; };
		4DBDB5D51F5F676E007014D8 /* GameViewController.swift */ = {isa = PBXFileReference; lastKnownFileType = sourcecode.swift; path = GameViewController.swift; sourceTree = "<group>"; };
		4DBDB5D81F5F676E007014D8 /* Base */ = {isa = PBXFileReference; lastKnownFileType = file.storyboard; name = Base; path = Base.lproj/Main.storyboard; sourceTree = "<group>"; };
		4DBDB5DA1F5F676E007014D8 /* Assets.xcassets */ = {isa = PBXFileReference; lastKnownFileType = folder.assetcatalog; path = Assets.xcassets; sourceTree = "<group>"; };
		4DBDB5DD1F5F676E007014D8 /* Base */ = {isa = PBXFileReference; lastKnownFileType = file.storyboard; name = Base; path = Base.lproj/LaunchScreen.storyboard; sourceTree = "<group>"; };
		4DBDB5DF1F5F676E007014D8 /* Info.plist */ = {isa = PBXFileReference; lastKnownFileType = text.plist.xml; path = Info.plist; sourceTree = "<group>"; };
		4DDF1EE41F6B31BE00B84C62 /* ProjectileSpark.sks */ = {isa = PBXFileReference; lastKnownFileType = file.sks; name = ProjectileSpark.sks; path = ../ProjectileSpark.sks; sourceTree = "<group>"; };
		4DDF1EEA1F6B555300B84C62 /* ProjectileFire.sks */ = {isa = PBXFileReference; lastKnownFileType = file.sks; path = ProjectileFire.sks; sourceTree = "<group>"; };
		4DDF1EEE1F6B58A600B84C62 /* LaserBeamFX.sks */ = {isa = PBXFileReference; lastKnownFileType = file.sks; path = LaserBeamFX.sks; sourceTree = "<group>"; };
		4DDF1EF01F6B645500B84C62 /* LaserBeamSmoke.sks */ = {isa = PBXFileReference; lastKnownFileType = file.sks; path = LaserBeamSmoke.sks; sourceTree = "<group>"; };
		4DDF1EF41F6C4FD500B84C62 /* HeroShootingFire.sks */ = {isa = PBXFileReference; lastKnownFileType = file.sks; path = HeroShootingFire.sks; sourceTree = "<group>"; };
		595D7D881F7206FB001645E8 /* GameOverViewController.swift */ = {isa = PBXFileReference; fileEncoding = 4; lastKnownFileType = sourcecode.swift; path = GameOverViewController.swift; sourceTree = "<group>"; };
		595D7D8C1F720A78001645E8 /* LeaderBoardTableViewCell.swift */ = {isa = PBXFileReference; fileEncoding = 4; lastKnownFileType = sourcecode.swift; path = LeaderBoardTableViewCell.swift; sourceTree = "<group>"; };
		684C910C1F71C03B00F3A111 /* MainMenu.sks */ = {isa = PBXFileReference; lastKnownFileType = file.sks; path = MainMenu.sks; sourceTree = "<group>"; };
		684C91101F71C12600F3A111 /* MainMenu.swift */ = {isa = PBXFileReference; fileEncoding = 4; lastKnownFileType = sourcecode.swift; path = MainMenu.swift; sourceTree = "<group>"; };
		684C91131F71E72200F3A111 /* HeroSmoke.sks */ = {isa = PBXFileReference; lastKnownFileType = file.sks; path = HeroSmoke.sks; sourceTree = "<group>"; };
		684C91151F71E9DA00F3A111 /* HeroFire.sks */ = {isa = PBXFileReference; lastKnownFileType = file.sks; path = HeroFire.sks; sourceTree = "<group>"; };
		68775FC71F6A150A00102197 /* LeftLaserSpark.sks */ = {isa = PBXFileReference; lastKnownFileType = file.sks; path = LeftLaserSpark.sks; sourceTree = "<group>"; };
		68775FC91F6A19C100102197 /* RightLaserSpark.sks */ = {isa = PBXFileReference; lastKnownFileType = file.sks; path = RightLaserSpark.sks; sourceTree = "<group>"; };
		68775FD11F6CA03000102197 /* 37155__volivieri__soccer-ball-hit-ground-02.wav */ = {isa = PBXFileReference; lastKnownFileType = audio.wav; path = "37155__volivieri__soccer-ball-hit-ground-02.wav"; sourceTree = "<group>"; };
		68775FD31F6CA11A00102197 /* ButtonPress.mp3 */ = {isa = PBXFileReference; lastKnownFileType = audio.mp3; path = ButtonPress.mp3; sourceTree = "<group>"; };
		68775FD61F6CAA7500102197 /* laserPowerDown.wav */ = {isa = PBXFileReference; lastKnownFileType = audio.wav; path = laserPowerDown.wav; sourceTree = "<group>"; };
		688566C61F67493E009FB097 /* Background.swift */ = {isa = PBXFileReference; fileEncoding = 4; lastKnownFileType = sourcecode.swift; path = Background.swift; sourceTree = "<group>"; };
		688566C81F677405009FB097 /* LaserHub.swift */ = {isa = PBXFileReference; fileEncoding = 4; lastKnownFileType = sourcecode.swift; path = LaserHub.swift; sourceTree = "<group>"; };
		688566CA1F677415009FB097 /* LaserBeam.swift */ = {isa = PBXFileReference; fileEncoding = 4; lastKnownFileType = sourcecode.swift; path = LaserBeam.swift; sourceTree = "<group>"; };
		688566CC1F688AF0009FB097 /* LaserHubRight.swift */ = {isa = PBXFileReference; fileEncoding = 4; lastKnownFileType = sourcecode.swift; path = LaserHubRight.swift; sourceTree = "<group>"; };
		688566CE1F688B09009FB097 /* LaserBeamRight.swift */ = {isa = PBXFileReference; fileEncoding = 4; lastKnownFileType = sourcecode.swift; path = LaserBeamRight.swift; sourceTree = "<group>"; };
		688566D01F688D6C009FB097 /* LaserRight.swift */ = {isa = PBXFileReference; fileEncoding = 4; lastKnownFileType = sourcecode.swift; path = LaserRight.swift; sourceTree = "<group>"; };
		6AA00057A3BD8681B39A621A /* Pods-FinalProjectLaser.debug.xcconfig */ = {isa = PBXFileReference; includeInIndex = 1; lastKnownFileType = text.xcconfig; name = "Pods-FinalProjectLaser.debug.xcconfig"; path = "Pods/Target Support Files/Pods-FinalProjectLaser/Pods-FinalProjectLaser.debug.xcconfig"; sourceTree = "<group>"; };
		A1AA67E20E17D771208D73E3 /* Pods_FinalProjectLaser.framework */ = {isa = PBXFileReference; explicitFileType = wrapper.framework; includeInIndex = 0; path = Pods_FinalProjectLaser.framework; sourceTree = BUILT_PRODUCTS_DIR; };
		E4149E19840086B440C364A2 /* Pods-FinalProjectLaser.release.xcconfig */ = {isa = PBXFileReference; includeInIndex = 1; lastKnownFileType = text.xcconfig; name = "Pods-FinalProjectLaser.release.xcconfig"; path = "Pods/Target Support Files/Pods-FinalProjectLaser/Pods-FinalProjectLaser.release.xcconfig"; sourceTree = "<group>"; };
/* End PBXFileReference section */

/* Begin PBXFrameworksBuildPhase section */
		4DBDB5C71F5F676E007014D8 /* Frameworks */ = {
			isa = PBXFrameworksBuildPhase;
			buildActionMask = 2147483647;
			files = (
				CC39A5B15E702468B588B19C /* Pods_FinalProjectLaser.framework in Frameworks */,
			);
			runOnlyForDeploymentPostprocessing = 0;
		};
/* End PBXFrameworksBuildPhase section */

/* Begin PBXGroup section */
		01D13DC0F752685EC536624E /* Frameworks */ = {
			isa = PBXGroup;
			children = (
				A1AA67E20E17D771208D73E3 /* Pods_FinalProjectLaser.framework */,
			);
			name = Frameworks;
			sourceTree = "<group>";
		};
		4DBDB5C11F5F676E007014D8 = {
			isa = PBXGroup;
			children = (
				4DBDB5CC1F5F676E007014D8 /* FinalProjectLaser */,
				4DBDB5CB1F5F676E007014D8 /* Products */,
				68775FD11F6CA03000102197 /* 37155__volivieri__soccer-ball-hit-ground-02.wav */,
				68775FD31F6CA11A00102197 /* ButtonPress.mp3 */,
				68775FD61F6CAA7500102197 /* laserPowerDown.wav */,
				5387961EE6895057B0A005E3 /* Pods */,
				01D13DC0F752685EC536624E /* Frameworks */,
			);
			sourceTree = "<group>";
		};
		4DBDB5CB1F5F676E007014D8 /* Products */ = {
			isa = PBXGroup;
			children = (
				4DBDB5CA1F5F676E007014D8 /* FinalProjectLaser.app */,
			);
			name = Products;
			sourceTree = "<group>";
		};
		4DBDB5CC1F5F676E007014D8 /* FinalProjectLaser */ = {
			isa = PBXGroup;
			children = (
				684C91121F71C13600F3A111 /* Scenes */,
				688566D71F689AC6009FB097 /* Collision Category Enum */,
				688566D21F689A02009FB097 /* Lasers */,
				688566D51F689A83009FB097 /* Hero */,
				688566D61F689A93009FB097 /* Background */,
				68775FC41F6A096D00102197 /* Particles */,
				4DBDB5D51F5F676E007014D8 /* GameViewController.swift */,
				4DBDB5D11F5F676E007014D8 /* Actions.sks */,
				4DBDB5D71F5F676E007014D8 /* Main.storyboard */,
				4DBDB5CD1F5F676E007014D8 /* AppDelegate.swift */,
				4D791CE91F61505F00656D7B /* Elektronomia - Sky High.mp3 */,
				4DBDB5DA1F5F676E007014D8 /* Assets.xcassets */,
				4DBDB5DC1F5F676E007014D8 /* LaunchScreen.storyboard */,
				4DBDB5DF1F5F676E007014D8 /* Info.plist */,
				4D71D9541F73BBBC00E1CB4A /* theBoldFont.ttf */,
			);
			path = FinalProjectLaser;
			sourceTree = "<group>";
		};
		5387961EE6895057B0A005E3 /* Pods */ = {
			isa = PBXGroup;
			children = (
				6AA00057A3BD8681B39A621A /* Pods-FinalProjectLaser.debug.xcconfig */,
				E4149E19840086B440C364A2 /* Pods-FinalProjectLaser.release.xcconfig */,
			);
			name = Pods;
			sourceTree = "<group>";
		};
		684C91121F71C13600F3A111 /* Scenes */ = {
			isa = PBXGroup;
			children = (
				4DBDB5CF1F5F676E007014D8 /* GameScene.sks */,
				4DBDB5D31F5F676E007014D8 /* GameScene.swift */,
				684C910C1F71C03B00F3A111 /* MainMenu.sks */,
				684C91101F71C12600F3A111 /* MainMenu.swift */,
				595D7D881F7206FB001645E8 /* GameOverViewController.swift */,
				595D7D8C1F720A78001645E8 /* LeaderBoardTableViewCell.swift */,
			);
			name = Scenes;
			sourceTree = "<group>";
		};
		68775FC41F6A096D00102197 /* Particles */ = {
			isa = PBXGroup;
			children = (
				68775FC71F6A150A00102197 /* LeftLaserSpark.sks */,
				4DDF1EF41F6C4FD500B84C62 /* HeroShootingFire.sks */,
				68775FC91F6A19C100102197 /* RightLaserSpark.sks */,
				4DDF1EE41F6B31BE00B84C62 /* ProjectileSpark.sks */,
				4DDF1EEA1F6B555300B84C62 /* ProjectileFire.sks */,
				684C91151F71E9DA00F3A111 /* HeroFire.sks */,
				684C91131F71E72200F3A111 /* HeroSmoke.sks */,
				4DDF1EF01F6B645500B84C62 /* LaserBeamSmoke.sks */,
				4DDF1EEE1F6B58A600B84C62 /* LaserBeamFX.sks */,
			);
			name = Particles;
			sourceTree = "<group>";
		};
		688566D21F689A02009FB097 /* Lasers */ = {
			isa = PBXGroup;
			children = (
				688566D31F689A32009FB097 /* Left */,
				688566D41F689A52009FB097 /* Right */,
			);
			name = Lasers;
			sourceTree = "<group>";
		};
		688566D31F689A32009FB097 /* Left */ = {
			isa = PBXGroup;
			children = (
				4D0C7EF31F6724E6003C861C /* Laser.swift */,
				688566C81F677405009FB097 /* LaserHub.swift */,
				688566CA1F677415009FB097 /* LaserBeam.swift */,
			);
			name = Left;
			sourceTree = "<group>";
		};
		688566D41F689A52009FB097 /* Right */ = {
			isa = PBXGroup;
			children = (
				688566D01F688D6C009FB097 /* LaserRight.swift */,
				688566CC1F688AF0009FB097 /* LaserHubRight.swift */,
				688566CE1F688B09009FB097 /* LaserBeamRight.swift */,
			);
			name = Right;
			sourceTree = "<group>";
		};
		688566D51F689A83009FB097 /* Hero */ = {
			isa = PBXGroup;
			children = (
				4D0C7EF91F672C8E003C861C /* Hero.swift */,
				4D0C7EFD1F688D7E003C861C /* Projectile.swift */,
			);
			name = Hero;
			sourceTree = "<group>";
		};
		688566D61F689A93009FB097 /* Background */ = {
			isa = PBXGroup;
			children = (
				688566C61F67493E009FB097 /* Background.swift */,
			);
			name = Background;
			sourceTree = "<group>";
		};
		688566D71F689AC6009FB097 /* Collision Category Enum */ = {
			isa = PBXGroup;
			children = (
				4D0C7EF71F672AE4003C861C /* CategoryEnum.swift */,
			);
			name = "Collision Category Enum";
			sourceTree = "<group>";
		};
/* End PBXGroup section */

/* Begin PBXNativeTarget section */
		4DBDB5C91F5F676E007014D8 /* FinalProjectLaser */ = {
			isa = PBXNativeTarget;
			buildConfigurationList = 4DBDB5E21F5F676E007014D8 /* Build configuration list for PBXNativeTarget "FinalProjectLaser" */;
			buildPhases = (
				C14295A46A3C51D127967249 /* [CP] Check Pods Manifest.lock */,
				4DBDB5C61F5F676E007014D8 /* Sources */,
				4DBDB5C71F5F676E007014D8 /* Frameworks */,
				4DBDB5C81F5F676E007014D8 /* Resources */,
				2F2631A61F1B3BCA0E7A7EA5 /* [CP] Embed Pods Frameworks */,
				01D6326A142C95806517016A /* [CP] Copy Pods Resources */,
			);
			buildRules = (
			);
			dependencies = (
			);
			name = FinalProjectLaser;
			productName = FinalProjectLaser;
			productReference = 4DBDB5CA1F5F676E007014D8 /* FinalProjectLaser.app */;
			productType = "com.apple.product-type.application";
		};
/* End PBXNativeTarget section */

/* Begin PBXProject section */
		4DBDB5C21F5F676E007014D8 /* Project object */ = {
			isa = PBXProject;
			attributes = {
				LastSwiftUpdateCheck = 0830;
				LastUpgradeCheck = 0900;
				ORGANIZATIONNAME = "Jaewon Kim";
				TargetAttributes = {
					4DBDB5C91F5F676E007014D8 = {
						CreatedOnToolsVersion = 8.3.3;
						DevelopmentTeam = K95R2XCRT4;
						LastSwiftMigration = 0900;
						ProvisioningStyle = Automatic;
					};
				};
			};
			buildConfigurationList = 4DBDB5C51F5F676E007014D8 /* Build configuration list for PBXProject "FinalProjectLaser" */;
			compatibilityVersion = "Xcode 3.2";
			developmentRegion = English;
			hasScannedForEncodings = 0;
			knownRegions = (
				en,
				Base,
			);
			mainGroup = 4DBDB5C11F5F676E007014D8;
			productRefGroup = 4DBDB5CB1F5F676E007014D8 /* Products */;
			projectDirPath = "";
			projectRoot = "";
			targets = (
				4DBDB5C91F5F676E007014D8 /* FinalProjectLaser */,
			);
		};
/* End PBXProject section */

/* Begin PBXResourcesBuildPhase section */
		4DBDB5C81F5F676E007014D8 /* Resources */ = {
			isa = PBXResourcesBuildPhase;
			buildActionMask = 2147483647;
			files = (
				4D71D9551F73BC3B00E1CB4A /* theBoldFont.ttf in Resources */,
				68775FD41F6CA11A00102197 /* ButtonPress.mp3 in Resources */,
				4DDF1EE61F6B31BE00B84C62 /* ProjectileSpark.sks in Resources */,
				68775FD21F6CA03000102197 /* 37155__volivieri__soccer-ball-hit-ground-02.wav in Resources */,
				684C91161F71E9DA00F3A111 /* HeroFire.sks in Resources */,
				4DDF1EF51F6C4FD500B84C62 /* HeroShootingFire.sks in Resources */,
				4DDF1EEB1F6B555300B84C62 /* ProjectileFire.sks in Resources */,
				4DBDB5D91F5F676E007014D8 /* Main.storyboard in Resources */,
				68775FCA1F6A19C100102197 /* RightLaserSpark.sks in Resources */,
				68775FD71F6CAA7500102197 /* laserPowerDown.wav in Resources */,
				4DBDB5D01F5F676E007014D8 /* GameScene.sks in Resources */,
				4DBDB5DB1F5F676E007014D8 /* Assets.xcassets in Resources */,
				684C91141F71E72200F3A111 /* HeroSmoke.sks in Resources */,
				4D791CEA1F61505F00656D7B /* Elektronomia - Sky High.mp3 in Resources */,
				4DDF1EF11F6B645500B84C62 /* LaserBeamSmoke.sks in Resources */,
				684C910D1F71C03B00F3A111 /* MainMenu.sks in Resources */,
				4DDF1EEF1F6B58A600B84C62 /* LaserBeamFX.sks in Resources */,
				68775FC81F6A150A00102197 /* LeftLaserSpark.sks in Resources */,
				4DBDB5DE1F5F676E007014D8 /* LaunchScreen.storyboard in Resources */,
			);
			runOnlyForDeploymentPostprocessing = 0;
		};
/* End PBXResourcesBuildPhase section */

/* Begin PBXShellScriptBuildPhase section */
		01D6326A142C95806517016A /* [CP] Copy Pods Resources */ = {
			isa = PBXShellScriptBuildPhase;
			buildActionMask = 2147483647;
			files = (
			);
			inputPaths = (
			);
			name = "[CP] Copy Pods Resources";
			outputPaths = (
			);
			runOnlyForDeploymentPostprocessing = 0;
			shellPath = /bin/sh;
			shellScript = "\"${SRCROOT}/Pods/Target Support Files/Pods-FinalProjectLaser/Pods-FinalProjectLaser-resources.sh\"\n";
			showEnvVarsInLog = 0;
		};
		2F2631A61F1B3BCA0E7A7EA5 /* [CP] Embed Pods Frameworks */ = {
			isa = PBXShellScriptBuildPhase;
			buildActionMask = 2147483647;
			files = (
			);
			inputPaths = (
				"${SRCROOT}/Pods/Target Support Files/Pods-FinalProjectLaser/Pods-FinalProjectLaser-frameworks.sh",
				"${BUILT_PRODUCTS_DIR}/Bolts/Bolts.framework",
				"${BUILT_PRODUCTS_DIR}/Parse/Parse.framework",
			);
			name = "[CP] Embed Pods Frameworks";
			outputPaths = (
				"${TARGET_BUILD_DIR}/${FRAMEWORKS_FOLDER_PATH}/Bolts.framework",
				"${TARGET_BUILD_DIR}/${FRAMEWORKS_FOLDER_PATH}/Parse.framework",
			);
			runOnlyForDeploymentPostprocessing = 0;
			shellPath = /bin/sh;
			shellScript = "\"${SRCROOT}/Pods/Target Support Files/Pods-FinalProjectLaser/Pods-FinalProjectLaser-frameworks.sh\"\n";
			showEnvVarsInLog = 0;
		};
		C14295A46A3C51D127967249 /* [CP] Check Pods Manifest.lock */ = {
			isa = PBXShellScriptBuildPhase;
			buildActionMask = 2147483647;
			files = (
			);
			inputPaths = (
				"${PODS_PODFILE_DIR_PATH}/Podfile.lock",
				"${PODS_ROOT}/Manifest.lock",
			);
			name = "[CP] Check Pods Manifest.lock";
			outputPaths = (
				"$(DERIVED_FILE_DIR)/Pods-FinalProjectLaser-checkManifestLockResult.txt",
			);
			runOnlyForDeploymentPostprocessing = 0;
			shellPath = /bin/sh;
			shellScript = "diff \"${PODS_PODFILE_DIR_PATH}/Podfile.lock\" \"${PODS_ROOT}/Manifest.lock\" > /dev/null\nif [ $? != 0 ] ; then\n    # print error to STDERR\n    echo \"error: The sandbox is not in sync with the Podfile.lock. Run 'pod install' or update your CocoaPods installation.\" >&2\n    exit 1\nfi\n# This output is used by Xcode 'outputs' to avoid re-running this script phase.\necho \"SUCCESS\" > \"${SCRIPT_OUTPUT_FILE_0}\"\n";
			showEnvVarsInLog = 0;
		};
/* End PBXShellScriptBuildPhase section */

/* Begin PBXSourcesBuildPhase section */
		4DBDB5C61F5F676E007014D8 /* Sources */ = {
			isa = PBXSourcesBuildPhase;
			buildActionMask = 2147483647;
			files = (
				4DBDB5D41F5F676E007014D8 /* GameScene.swift in Sources */,
				4D0C7EFE1F688D7E003C861C /* Projectile.swift in Sources */,
				688566CF1F688B09009FB097 /* LaserBeamRight.swift in Sources */,
				595D7D891F7206FB001645E8 /* GameOverViewController.swift in Sources */,
				4DBDB5D61F5F676E007014D8 /* GameViewController.swift in Sources */,
				4DBDB5CE1F5F676E007014D8 /* AppDelegate.swift in Sources */,
				688566CD1F688AF0009FB097 /* LaserHubRight.swift in Sources */,
				688566D11F688D6C009FB097 /* LaserRight.swift in Sources */,
				688566C71F67493E009FB097 /* Background.swift in Sources */,
				684C91111F71C12600F3A111 /* MainMenu.swift in Sources */,
				688566CB1F677415009FB097 /* LaserBeam.swift in Sources */,
				4D0C7EF41F6724E6003C861C /* Laser.swift in Sources */,
				4D0C7EFA1F672C8E003C861C /* Hero.swift in Sources */,
				4D0C7EF81F672AE4003C861C /* CategoryEnum.swift in Sources */,
				688566C91F677405009FB097 /* LaserHub.swift in Sources */,
				595D7D8D1F720A78001645E8 /* LeaderBoardTableViewCell.swift in Sources */,
			);
			runOnlyForDeploymentPostprocessing = 0;
		};
/* End PBXSourcesBuildPhase section */

/* Begin PBXVariantGroup section */
		4DBDB5D71F5F676E007014D8 /* Main.storyboard */ = {
			isa = PBXVariantGroup;
			children = (
				4DBDB5D81F5F676E007014D8 /* Base */,
			);
			name = Main.storyboard;
			sourceTree = "<group>";
		};
		4DBDB5DC1F5F676E007014D8 /* LaunchScreen.storyboard */ = {
			isa = PBXVariantGroup;
			children = (
				4DBDB5DD1F5F676E007014D8 /* Base */,
			);
			name = LaunchScreen.storyboard;
			sourceTree = "<group>";
		};
/* End PBXVariantGroup section */

/* Begin XCBuildConfiguration section */
		4DBDB5E01F5F676E007014D8 /* Debug */ = {
			isa = XCBuildConfiguration;
			buildSettings = {
				ALWAYS_SEARCH_USER_PATHS = NO;
				CLANG_ANALYZER_NONNULL = YES;
				CLANG_ANALYZER_NUMBER_OBJECT_CONVERSION = YES_AGGRESSIVE;
				CLANG_CXX_LANGUAGE_STANDARD = "gnu++0x";
				CLANG_CXX_LIBRARY = "libc++";
				CLANG_ENABLE_MODULES = YES;
				CLANG_ENABLE_OBJC_ARC = YES;
				CLANG_WARN_BLOCK_CAPTURE_AUTORELEASING = YES;
				CLANG_WARN_BOOL_CONVERSION = YES;
				CLANG_WARN_COMMA = YES;
				CLANG_WARN_CONSTANT_CONVERSION = YES;
				CLANG_WARN_DIRECT_OBJC_ISA_USAGE = YES_ERROR;
				CLANG_WARN_DOCUMENTATION_COMMENTS = YES;
				CLANG_WARN_EMPTY_BODY = YES;
				CLANG_WARN_ENUM_CONVERSION = YES;
				CLANG_WARN_INFINITE_RECURSION = YES;
				CLANG_WARN_INT_CONVERSION = YES;
				CLANG_WARN_NON_LITERAL_NULL_CONVERSION = YES;
				CLANG_WARN_OBJC_LITERAL_CONVERSION = YES;
				CLANG_WARN_OBJC_ROOT_CLASS = YES_ERROR;
				CLANG_WARN_RANGE_LOOP_ANALYSIS = YES;
				CLANG_WARN_STRICT_PROTOTYPES = YES;
				CLANG_WARN_SUSPICIOUS_MOVE = YES;
				CLANG_WARN_UNREACHABLE_CODE = YES;
				CLANG_WARN__DUPLICATE_METHOD_MATCH = YES;
				"CODE_SIGN_IDENTITY[sdk=iphoneos*]" = "iPhone Developer";
				COPY_PHASE_STRIP = NO;
				DEBUG_INFORMATION_FORMAT = dwarf;
				ENABLE_STRICT_OBJC_MSGSEND = YES;
				ENABLE_TESTABILITY = YES;
				GCC_C_LANGUAGE_STANDARD = gnu99;
				GCC_DYNAMIC_NO_PIC = NO;
				GCC_NO_COMMON_BLOCKS = YES;
				GCC_OPTIMIZATION_LEVEL = 0;
				GCC_PREPROCESSOR_DEFINITIONS = (
					"DEBUG=1",
					"$(inherited)",
				);
				GCC_WARN_64_TO_32_BIT_CONVERSION = YES;
				GCC_WARN_ABOUT_RETURN_TYPE = YES_ERROR;
				GCC_WARN_UNDECLARED_SELECTOR = YES;
				GCC_WARN_UNINITIALIZED_AUTOS = YES_AGGRESSIVE;
				GCC_WARN_UNUSED_FUNCTION = YES;
				GCC_WARN_UNUSED_VARIABLE = YES;
				IPHONEOS_DEPLOYMENT_TARGET = 10.3;
				MTL_ENABLE_DEBUG_INFO = YES;
				ONLY_ACTIVE_ARCH = YES;
				SDKROOT = iphoneos;
				SWIFT_ACTIVE_COMPILATION_CONDITIONS = DEBUG;
				SWIFT_OPTIMIZATION_LEVEL = "-Onone";
			};
			name = Debug;
		};
		4DBDB5E11F5F676E007014D8 /* Release */ = {
			isa = XCBuildConfiguration;
			buildSettings = {
				ALWAYS_SEARCH_USER_PATHS = NO;
				CLANG_ANALYZER_NONNULL = YES;
				CLANG_ANALYZER_NUMBER_OBJECT_CONVERSION = YES_AGGRESSIVE;
				CLANG_CXX_LANGUAGE_STANDARD = "gnu++0x";
				CLANG_CXX_LIBRARY = "libc++";
				CLANG_ENABLE_MODULES = YES;
				CLANG_ENABLE_OBJC_ARC = YES;
				CLANG_WARN_BLOCK_CAPTURE_AUTORELEASING = YES;
				CLANG_WARN_BOOL_CONVERSION = YES;
				CLANG_WARN_COMMA = YES;
				CLANG_WARN_CONSTANT_CONVERSION = YES;
				CLANG_WARN_DIRECT_OBJC_ISA_USAGE = YES_ERROR;
				CLANG_WARN_DOCUMENTATION_COMMENTS = YES;
				CLANG_WARN_EMPTY_BODY = YES;
				CLANG_WARN_ENUM_CONVERSION = YES;
				CLANG_WARN_INFINITE_RECURSION = YES;
				CLANG_WARN_INT_CONVERSION = YES;
				CLANG_WARN_NON_LITERAL_NULL_CONVERSION = YES;
				CLANG_WARN_OBJC_LITERAL_CONVERSION = YES;
				CLANG_WARN_OBJC_ROOT_CLASS = YES_ERROR;
				CLANG_WARN_RANGE_LOOP_ANALYSIS = YES;
				CLANG_WARN_STRICT_PROTOTYPES = YES;
				CLANG_WARN_SUSPICIOUS_MOVE = YES;
				CLANG_WARN_UNREACHABLE_CODE = YES;
				CLANG_WARN__DUPLICATE_METHOD_MATCH = YES;
				"CODE_SIGN_IDENTITY[sdk=iphoneos*]" = "iPhone Developer";
				COPY_PHASE_STRIP = NO;
				DEBUG_INFORMATION_FORMAT = "dwarf-with-dsym";
				ENABLE_NS_ASSERTIONS = NO;
				ENABLE_STRICT_OBJC_MSGSEND = YES;
				GCC_C_LANGUAGE_STANDARD = gnu99;
				GCC_NO_COMMON_BLOCKS = YES;
				GCC_WARN_64_TO_32_BIT_CONVERSION = YES;
				GCC_WARN_ABOUT_RETURN_TYPE = YES_ERROR;
				GCC_WARN_UNDECLARED_SELECTOR = YES;
				GCC_WARN_UNINITIALIZED_AUTOS = YES_AGGRESSIVE;
				GCC_WARN_UNUSED_FUNCTION = YES;
				GCC_WARN_UNUSED_VARIABLE = YES;
				IPHONEOS_DEPLOYMENT_TARGET = 10.3;
				MTL_ENABLE_DEBUG_INFO = NO;
				SDKROOT = iphoneos;
				SWIFT_OPTIMIZATION_LEVEL = "-Owholemodule";
				VALIDATE_PRODUCT = YES;
			};
			name = Release;
		};
		4DBDB5E31F5F676E007014D8 /* Debug */ = {
			isa = XCBuildConfiguration;
			baseConfigurationReference = 6AA00057A3BD8681B39A621A /* Pods-FinalProjectLaser.debug.xcconfig */;
			buildSettings = {
				ASSETCATALOG_COMPILER_APPICON_NAME = AppIcon;
				DEVELOPMENT_TEAM = K95R2XCRT4;
				INFOPLIST_FILE = FinalProjectLaser/Info.plist;
				LD_RUNPATH_SEARCH_PATHS = "$(inherited) @executable_path/Frameworks";
				PRODUCT_BUNDLE_IDENTIFIER = com.jaewonkim.FinalProjectLaser;
				PRODUCT_NAME = "$(TARGET_NAME)";
				SWIFT_SWIFT3_OBJC_INFERENCE = On;
				SWIFT_VERSION = 4.0;
				TARGETED_DEVICE_FAMILY = "1,2";
			};
			name = Debug;
		};
		4DBDB5E41F5F676E007014D8 /* Release */ = {
			isa = XCBuildConfiguration;
			baseConfigurationReference = E4149E19840086B440C364A2 /* Pods-FinalProjectLaser.release.xcconfig */;
			buildSettings = {
				ASSETCATALOG_COMPILER_APPICON_NAME = AppIcon;
				DEVELOPMENT_TEAM = K95R2XCRT4;
				INFOPLIST_FILE = FinalProjectLaser/Info.plist;
				LD_RUNPATH_SEARCH_PATHS = "$(inherited) @executable_path/Frameworks";
				PRODUCT_BUNDLE_IDENTIFIER = com.jaewonkim.FinalProjectLaser;
				PRODUCT_NAME = "$(TARGET_NAME)";
				SWIFT_SWIFT3_OBJC_INFERENCE = On;
				SWIFT_VERSION = 4.0;
				TARGETED_DEVICE_FAMILY = "1,2";
			};
			name = Release;
		};
/* End XCBuildConfiguration section */

/* Begin XCConfigurationList section */
		4DBDB5C51F5F676E007014D8 /* Build configuration list for PBXProject "FinalProjectLaser" */ = {
			isa = XCConfigurationList;
			buildConfigurations = (
				4DBDB5E01F5F676E007014D8 /* Debug */,
				4DBDB5E11F5F676E007014D8 /* Release */,
			);
			defaultConfigurationIsVisible = 0;
			defaultConfigurationName = Release;
		};
		4DBDB5E21F5F676E007014D8 /* Build configuration list for PBXNativeTarget "FinalProjectLaser" */ = {
			isa = XCConfigurationList;
			buildConfigurations = (
				4DBDB5E31F5F676E007014D8 /* Debug */,
				4DBDB5E41F5F676E007014D8 /* Release */,
			);
			defaultConfigurationIsVisible = 0;
			defaultConfigurationName = Release;
		};
/* End XCConfigurationList section */
	};
	rootObject = 4DBDB5C21F5F676E007014D8 /* Project object */;
}
